<Solution>
  <Project Path="CartService.IntegrationTests/CartService.IntegrationTests.csproj" Id="3ddcde6f-c535-4226-a8c9-952682e5ed82" />
  <Project Path="CartService.UnitTests/CartService.UnitTests.csproj" Id="9c320155-e813-40b8-aa89-00b8120cc2d8" />
  <Project Path="CartService/CartService.csproj" />
</Solution>
